
Microsoft Visual Studio Solution File, Format Version 12.00
# Visual Studio Version 17
VisualStudioVersion = 17.9.34723.18
MinimumVisualStudioVersion = 10.0.40219.1
Project("{FAE04EC0-301F-11D3-BF4B-00C04F79EFBC}") = "Blog.Web", "Blog.Web\Blog.Web.csproj", "{D041DCD0-7518-45ED-8E24-D538687D46CD}"
EndProject
Project("{FAE04EC0-301F-11D3-BF4B-00C04F79EFBC}") = "Blog.Entity", "Blog.Entity\Blog.Entity.csproj", "{7F5FF554-4465-43C0-A9BE-EEEED81A1FC6}"
EndProject
Project("{FAE04EC0-301F-11D3-BF4B-00C04F79EFBC}") = "Blog.Data", "Blog.Data\Blog.Data.csproj", "{BE8CD5BC-1CF0-4582-9492-303437336A21}"
EndProject
Project("{FAE04EC0-301F-11D3-BF4B-00C04F79EFBC}") = "Blog.Service", "Blog.Service\Blog.Service.csproj", "{455C402C-D75D-4ADA-80A4-A2B3005918DF}"
EndProject
Project("{FAE04EC0-301F-11D3-BF4B-00C04F79EFBC}") = "Blog.Core", "Blog.Core\Blog.Core.csproj", "{BA164713-79BA-45DF-A2F7-9D9F6C5BF893}"
EndProject
Global
	GlobalSection(SolutionConfigurationPlatforms) = preSolution
		Debug|Any CPU = Debug|Any CPU
		Release|Any CPU = Release|Any CPU
	EndGlobalSection
	GlobalSection(ProjectConfigurationPlatforms) = postSolution
		{D041DCD0-7518-45ED-8E24-D538687D46CD}.Debug|Any CPU.ActiveCfg = Debug|Any CPU
		{D041DCD0-7518-45ED-8E24-D538687D46CD}.Debug|Any CPU.Build.0 = Debug|Any CPU
		{D041DCD0-7518-45ED-8E24-D538687D46CD}.Release|Any CPU.ActiveCfg = Release|Any CPU
		{D041DCD0-7518-45ED-8E24-D538687D46CD}.Release|Any CPU.Build.0 = Release|Any CPU
		{7F5FF554-4465-43C0-A9BE-EEEED81A1FC6}.Debug|Any CPU.ActiveCfg = Debug|Any CPU
		{7F5FF554-4465-43C0-A9BE-EEEED81A1FC6}.Debug|Any CPU.Build.0 = Debug|Any CPU
		{7F5FF554-4465-43C0-A9BE-EEEED81A1FC6}.Release|Any CPU.ActiveCfg = Release|Any CPU
		{7F5FF554-4465-43C0-A9BE-EEEED81A1FC6}.Release|Any CPU.Build.0 = Release|Any CPU
		{BE8CD5BC-1CF0-4582-9492-303437336A21}.Debug|Any CPU.ActiveCfg = Debug|Any CPU
		{BE8CD5BC-1CF0-4582-9492-303437336A21}.Debug|Any CPU.Build.0 = Debug|Any CPU
		{BE8CD5BC-1CF0-4582-9492-303437336A21}.Release|Any CPU.ActiveCfg = Release|Any CPU
		{BE8CD5BC-1CF0-4582-9492-303437336A21}.Release|Any CPU.Build.0 = Release|Any CPU
		{455C402C-D75D-4ADA-80A4-A2B3005918DF}.Debug|Any CPU.ActiveCfg = Debug|Any CPU
		{455C402C-D75D-4ADA-80A4-A2B3005918DF}.Debug|Any CPU.Build.0 = Debug|Any CPU
		{455C402C-D75D-4ADA-80A4-A2B3005918DF}.Release|Any CPU.ActiveCfg = Release|Any CPU
		{455C402C-D75D-4ADA-80A4-A2B3005918DF}.Release|Any CPU.Build.0 = Release|Any CPU
		{BA164713-79BA-45DF-A2F7-9D9F6C5BF893}.Debug|Any CPU.ActiveCfg = Debug|Any CPU
		{BA164713-79BA-45DF-A2F7-9D9F6C5BF893}.Debug|Any CPU.Build.0 = Debug|Any CPU
		{BA164713-79BA-45DF-A2F7-9D9F6C5BF893}.Release|Any CPU.ActiveCfg = Release|Any CPU
		{BA164713-79BA-45DF-A2F7-9D9F6C5BF893}.Release|Any CPU.Build.0 = Release|Any CPU
	EndGlobalSection
	GlobalSection(SolutionProperties) = preSolution
		HideSolutionNode = FALSE
	EndGlobalSection
	GlobalSection(ExtensibilityGlobals) = postSolution
		SolutionGuid = {2C97178F-5CF9-4C59-9EB1-A3D270819EE5}
	EndGlobalSection
EndGlobal
